
Microsoft Visual Studio Solution File, Format Version 12.00
# Visual Studio Version 17
VisualStudioVersion = 17.8.34316.72
MinimumVisualStudioVersion = 10.0.40219.1
Project("{FAE04EC0-301F-11D3-BF4B-00C04F79EFBC}") = "EX03", "EX03\EX03.csproj", "{DAE5C517-CE47-4520-82CE-804339AEBB02}"
EndProject
Global
	GlobalSection(SolutionConfigurationPlatforms) = preSolution
		Debug|Any CPU = Debug|Any CPU
		Release|Any CPU = Release|Any CPU
	EndGlobalSection
	GlobalSection(ProjectConfigurationPlatforms) = postSolution
		{DAE5C517-CE47-4520-82CE-804339AEBB02}.Debug|Any CPU.ActiveCfg = Debug|Any CPU
		{DAE5C517-CE47-4520-82CE-804339AEBB02}.Debug|Any CPU.Build.0 = Debug|Any CPU
		{DAE5C517-CE47-4520-82CE-804339AEBB02}.Release|Any CPU.ActiveCfg = Release|Any CPU
		{DAE5C517-CE47-4520-82CE-804339AEBB02}.Release|Any CPU.Build.0 = Release|Any CPU
	EndGlobalSection
	GlobalSection(SolutionProperties) = preSolution
		HideSolutionNode = FALSE
	EndGlobalSection
	GlobalSection(ExtensibilityGlobals) = postSolution
		SolutionGuid = {A9657769-ED4A-476F-9F74-148672E6CBFC}
	EndGlobalSection
EndGlobal
