
Microsoft Visual Studio Solution File, Format Version 12.00
# Visual Studio Version 17
VisualStudioVersion = 17.8.34316.72
MinimumVisualStudioVersion = 10.0.40219.1
Project("{FAE04EC0-301F-11D3-BF4B-00C04F79EFBC}") = "EX0019", "EX0019\EX0019.csproj", "{BD195074-B59E-4EA3-9EB6-FD20C5BF826D}"
EndProject
Global
	GlobalSection(SolutionConfigurationPlatforms) = preSolution
		Debug|Any CPU = Debug|Any CPU
		Release|Any CPU = Release|Any CPU
	EndGlobalSection
	GlobalSection(ProjectConfigurationPlatforms) = postSolution
		{BD195074-B59E-4EA3-9EB6-FD20C5BF826D}.Debug|Any CPU.ActiveCfg = Debug|Any CPU
		{BD195074-B59E-4EA3-9EB6-FD20C5BF826D}.Debug|Any CPU.Build.0 = Debug|Any CPU
		{BD195074-B59E-4EA3-9EB6-FD20C5BF826D}.Release|Any CPU.ActiveCfg = Release|Any CPU
		{BD195074-B59E-4EA3-9EB6-FD20C5BF826D}.Release|Any CPU.Build.0 = Release|Any CPU
	EndGlobalSection
	GlobalSection(SolutionProperties) = preSolution
		HideSolutionNode = FALSE
	EndGlobalSection
	GlobalSection(ExtensibilityGlobals) = postSolution
		SolutionGuid = {30F5641F-9DB9-4122-8314-81976D1EAA00}
	EndGlobalSection
EndGlobal
