
Microsoft Visual Studio Solution File, Format Version 12.00
# Visual Studio Version 17
VisualStudioVersion = 17.8.34316.72
MinimumVisualStudioVersion = 10.0.40219.1
Project("{FAE04EC0-301F-11D3-BF4B-00C04F79EFBC}") = "CursoPOO", "CursoPOO\CursoPOO.csproj", "{2BF9C3A4-1446-4FC0-BE48-957A79941B0B}"
EndProject
Global
	GlobalSection(SolutionConfigurationPlatforms) = preSolution
		Debug|Any CPU = Debug|Any CPU
		Release|Any CPU = Release|Any CPU
	EndGlobalSection
	GlobalSection(ProjectConfigurationPlatforms) = postSolution
		{2BF9C3A4-1446-4FC0-BE48-957A79941B0B}.Debug|Any CPU.ActiveCfg = Debug|Any CPU
		{2BF9C3A4-1446-4FC0-BE48-957A79941B0B}.Debug|Any CPU.Build.0 = Debug|Any CPU
		{2BF9C3A4-1446-4FC0-BE48-957A79941B0B}.Release|Any CPU.ActiveCfg = Release|Any CPU
		{2BF9C3A4-1446-4FC0-BE48-957A79941B0B}.Release|Any CPU.Build.0 = Release|Any CPU
	EndGlobalSection
	GlobalSection(SolutionProperties) = preSolution
		HideSolutionNode = FALSE
	EndGlobalSection
	GlobalSection(ExtensibilityGlobals) = postSolution
		SolutionGuid = {979506D8-7B5C-442A-8499-E0689B629980}
	EndGlobalSection
EndGlobal
