
Microsoft Visual Studio Solution File, Format Version 12.00
# Visual Studio Version 17
VisualStudioVersion = 17.8.34316.72
MinimumVisualStudioVersion = 10.0.40219.1
Project("{FAE04EC0-301F-11D3-BF4B-00C04F79EFBC}") = "EX0018 conjuntos", "EX0018 conjuntos\EX0018 conjuntos.csproj", "{D2581304-50DB-48FF-AA64-DE3348BD77C0}"
EndProject
Global
	GlobalSection(SolutionConfigurationPlatforms) = preSolution
		Debug|Any CPU = Debug|Any CPU
		Release|Any CPU = Release|Any CPU
	EndGlobalSection
	GlobalSection(ProjectConfigurationPlatforms) = postSolution
		{D2581304-50DB-48FF-AA64-DE3348BD77C0}.Debug|Any CPU.ActiveCfg = Debug|Any CPU
		{D2581304-50DB-48FF-AA64-DE3348BD77C0}.Debug|Any CPU.Build.0 = Debug|Any CPU
		{D2581304-50DB-48FF-AA64-DE3348BD77C0}.Release|Any CPU.ActiveCfg = Release|Any CPU
		{D2581304-50DB-48FF-AA64-DE3348BD77C0}.Release|Any CPU.Build.0 = Release|Any CPU
	EndGlobalSection
	GlobalSection(SolutionProperties) = preSolution
		HideSolutionNode = FALSE
	EndGlobalSection
	GlobalSection(ExtensibilityGlobals) = postSolution
		SolutionGuid = {8CD6C28A-E94A-4FA8-8469-135B2FB45EFD}
	EndGlobalSection
EndGlobal
