
Microsoft Visual Studio Solution File, Format Version 12.00
# Visual Studio Version 17
VisualStudioVersion = 17.8.34316.72
MinimumVisualStudioVersion = 10.0.40219.1
Project("{FAE04EC0-301F-11D3-BF4B-00C04F79EFBC}") = "EX05", "EX05\EX05.csproj", "{B5EA9F20-9D18-4C15-B9C2-A5B9E92E347B}"
EndProject
Global
	GlobalSection(SolutionConfigurationPlatforms) = preSolution
		Debug|Any CPU = Debug|Any CPU
		Release|Any CPU = Release|Any CPU
	EndGlobalSection
	GlobalSection(ProjectConfigurationPlatforms) = postSolution
		{B5EA9F20-9D18-4C15-B9C2-A5B9E92E347B}.Debug|Any CPU.ActiveCfg = Debug|Any CPU
		{B5EA9F20-9D18-4C15-B9C2-A5B9E92E347B}.Debug|Any CPU.Build.0 = Debug|Any CPU
		{B5EA9F20-9D18-4C15-B9C2-A5B9E92E347B}.Release|Any CPU.ActiveCfg = Release|Any CPU
		{B5EA9F20-9D18-4C15-B9C2-A5B9E92E347B}.Release|Any CPU.Build.0 = Release|Any CPU
	EndGlobalSection
	GlobalSection(SolutionProperties) = preSolution
		HideSolutionNode = FALSE
	EndGlobalSection
	GlobalSection(ExtensibilityGlobals) = postSolution
		SolutionGuid = {E3B04AF5-555F-4A59-96B1-644E35E518A0}
	EndGlobalSection
EndGlobal
