
Microsoft Visual Studio Solution File, Format Version 12.00
# Visual Studio Version 17
VisualStudioVersion = 17.8.34316.72
MinimumVisualStudioVersion = 10.0.40219.1
Project("{FAE04EC0-301F-11D3-BF4B-00C04F79EFBC}") = "EmployeeSystem", "EmployeeSystem\EmployeeSystem.csproj", "{D756FBF7-7399-4F6E-89C7-2AF4DBC94DDB}"
EndProject
Global
	GlobalSection(SolutionConfigurationPlatforms) = preSolution
		Debug|Any CPU = Debug|Any CPU
		Release|Any CPU = Release|Any CPU
	EndGlobalSection
	GlobalSection(ProjectConfigurationPlatforms) = postSolution
		{D756FBF7-7399-4F6E-89C7-2AF4DBC94DDB}.Debug|Any CPU.ActiveCfg = Debug|Any CPU
		{D756FBF7-7399-4F6E-89C7-2AF4DBC94DDB}.Debug|Any CPU.Build.0 = Debug|Any CPU
		{D756FBF7-7399-4F6E-89C7-2AF4DBC94DDB}.Release|Any CPU.ActiveCfg = Release|Any CPU
		{D756FBF7-7399-4F6E-89C7-2AF4DBC94DDB}.Release|Any CPU.Build.0 = Release|Any CPU
	EndGlobalSection
	GlobalSection(SolutionProperties) = preSolution
		HideSolutionNode = FALSE
	EndGlobalSection
	GlobalSection(ExtensibilityGlobals) = postSolution
		SolutionGuid = {D7CF4EFD-33C7-45BA-A123-B87BA0183E70}
	EndGlobalSection
EndGlobal
