
Microsoft Visual Studio Solution File, Format Version 12.00
# Visual Studio Version 17
VisualStudioVersion = 17.8.34316.72
MinimumVisualStudioVersion = 10.0.40219.1
Project("{FAE04EC0-301F-11D3-BF4B-00C04F79EFBC}") = "EX07", "EX07\EX07.csproj", "{46CEA83D-8BED-4E07-A4C2-C845FB4A3996}"
EndProject
Global
	GlobalSection(SolutionConfigurationPlatforms) = preSolution
		Debug|Any CPU = Debug|Any CPU
		Release|Any CPU = Release|Any CPU
	EndGlobalSection
	GlobalSection(ProjectConfigurationPlatforms) = postSolution
		{46CEA83D-8BED-4E07-A4C2-C845FB4A3996}.Debug|Any CPU.ActiveCfg = Debug|Any CPU
		{46CEA83D-8BED-4E07-A4C2-C845FB4A3996}.Debug|Any CPU.Build.0 = Debug|Any CPU
		{46CEA83D-8BED-4E07-A4C2-C845FB4A3996}.Release|Any CPU.ActiveCfg = Release|Any CPU
		{46CEA83D-8BED-4E07-A4C2-C845FB4A3996}.Release|Any CPU.Build.0 = Release|Any CPU
	EndGlobalSection
	GlobalSection(SolutionProperties) = preSolution
		HideSolutionNode = FALSE
	EndGlobalSection
	GlobalSection(ExtensibilityGlobals) = postSolution
		SolutionGuid = {85F8EF07-374C-4F8E-B072-6D2A4ED02BBD}
	EndGlobalSection
EndGlobal
