
Microsoft Visual Studio Solution File, Format Version 12.00
# Visual Studio Version 17
VisualStudioVersion = 17.8.34316.72
MinimumVisualStudioVersion = 10.0.40219.1
Project("{FAE04EC0-301F-11D3-BF4B-00C04F79EFBC}") = "EX04", "EX04\EX04.csproj", "{11A6B18D-338F-495D-AFA4-4B4FB57ACF80}"
EndProject
Global
	GlobalSection(SolutionConfigurationPlatforms) = preSolution
		Debug|Any CPU = Debug|Any CPU
		Release|Any CPU = Release|Any CPU
	EndGlobalSection
	GlobalSection(ProjectConfigurationPlatforms) = postSolution
		{11A6B18D-338F-495D-AFA4-4B4FB57ACF80}.Debug|Any CPU.ActiveCfg = Debug|Any CPU
		{11A6B18D-338F-495D-AFA4-4B4FB57ACF80}.Debug|Any CPU.Build.0 = Debug|Any CPU
		{11A6B18D-338F-495D-AFA4-4B4FB57ACF80}.Release|Any CPU.ActiveCfg = Release|Any CPU
		{11A6B18D-338F-495D-AFA4-4B4FB57ACF80}.Release|Any CPU.Build.0 = Release|Any CPU
	EndGlobalSection
	GlobalSection(SolutionProperties) = preSolution
		HideSolutionNode = FALSE
	EndGlobalSection
	GlobalSection(ExtensibilityGlobals) = postSolution
		SolutionGuid = {1296B6AC-93F6-4E76-87AB-CA64E71E5AC7}
	EndGlobalSection
EndGlobal
